
Microsoft Visual Studio Solution File, Format Version 12.00
# Visual Studio Version 17
VisualStudioVersion = 17.10.35122.118
MinimumVisualStudioVersion = 10.0.40219.1
Project("{9A19103F-16F7-4668-BE54-9A1E7A4F7556}") = "DevFreela.API", "DevFreela.API\DevFreela.API.csproj", "{24288AA9-FEF5-4C76-9938-29D77F3503AD}"
EndProject
Project("{FAE04EC0-301F-11D3-BF4B-00C04F79EFBC}") = "DevFreela.Application", "DevFreela.Aplicattion\DevFreela.Application.csproj", "{65B7EE3C-D4AD-4403-90F2-80B1FFEF65FE}"
EndProject
Project("{FAE04EC0-301F-11D3-BF4B-00C04F79EFBC}") = "DevFreela.Infraestructure", "DevFreela.Infraestructure\DevFreela.Infraestructure.csproj", "{FF91709A-4DCA-45A6-B390-95A22310DEB9}"
EndProject
Project("{FAE04EC0-301F-11D3-BF4B-00C04F79EFBC}") = "DevFreela.Core", "DevFreela.Core\DevFreela.Core.csproj", "{AD110261-5834-4829-9BE1-FC3DF55D50FC}"
EndProject
Global
	GlobalSection(SolutionConfigurationPlatforms) = preSolution
		Debug|Any CPU = Debug|Any CPU
		Release|Any CPU = Release|Any CPU
	EndGlobalSection
	GlobalSection(ProjectConfigurationPlatforms) = postSolution
		{24288AA9-FEF5-4C76-9938-29D77F3503AD}.Debug|Any CPU.ActiveCfg = Debug|Any CPU
		{24288AA9-FEF5-4C76-9938-29D77F3503AD}.Debug|Any CPU.Build.0 = Debug|Any CPU
		{24288AA9-FEF5-4C76-9938-29D77F3503AD}.Release|Any CPU.ActiveCfg = Release|Any CPU
		{24288AA9-FEF5-4C76-9938-29D77F3503AD}.Release|Any CPU.Build.0 = Release|Any CPU
		{65B7EE3C-D4AD-4403-90F2-80B1FFEF65FE}.Debug|Any CPU.ActiveCfg = Debug|Any CPU
		{65B7EE3C-D4AD-4403-90F2-80B1FFEF65FE}.Debug|Any CPU.Build.0 = Debug|Any CPU
		{65B7EE3C-D4AD-4403-90F2-80B1FFEF65FE}.Release|Any CPU.ActiveCfg = Release|Any CPU
		{65B7EE3C-D4AD-4403-90F2-80B1FFEF65FE}.Release|Any CPU.Build.0 = Release|Any CPU
		{FF91709A-4DCA-45A6-B390-95A22310DEB9}.Debug|Any CPU.ActiveCfg = Debug|Any CPU
		{FF91709A-4DCA-45A6-B390-95A22310DEB9}.Debug|Any CPU.Build.0 = Debug|Any CPU
		{FF91709A-4DCA-45A6-B390-95A22310DEB9}.Release|Any CPU.ActiveCfg = Release|Any CPU
		{FF91709A-4DCA-45A6-B390-95A22310DEB9}.Release|Any CPU.Build.0 = Release|Any CPU
		{AD110261-5834-4829-9BE1-FC3DF55D50FC}.Debug|Any CPU.ActiveCfg = Debug|Any CPU
		{AD110261-5834-4829-9BE1-FC3DF55D50FC}.Debug|Any CPU.Build.0 = Debug|Any CPU
		{AD110261-5834-4829-9BE1-FC3DF55D50FC}.Release|Any CPU.ActiveCfg = Release|Any CPU
		{AD110261-5834-4829-9BE1-FC3DF55D50FC}.Release|Any CPU.Build.0 = Release|Any CPU
	EndGlobalSection
	GlobalSection(SolutionProperties) = preSolution
		HideSolutionNode = FALSE
	EndGlobalSection
	GlobalSection(ExtensibilityGlobals) = postSolution
		SolutionGuid = {D0A3EE77-81FF-4FEB-BD49-6DB296DBBE32}
	EndGlobalSection
EndGlobal
